
Microsoft Visual Studio Solution File, Format Version 12.00
# Visual Studio Version 17
VisualStudioVersion = 17.11.35431.28
MinimumVisualStudioVersion = 10.0.40219.1
Project("{888888A0-9F3D-457C-B088-3A5042F75D52}") = "YELTool", "YELTool.pyproj", "{5B234599-8AAE-4FC2-90B3-EA9189C4290F}"
EndProject
Global
	GlobalSection(SolutionConfigurationPlatforms) = preSolution
		Debug|Any CPU = Debug|Any CPU
		Release|Any CPU = Release|Any CPU
	EndGlobalSection
	GlobalSection(ProjectConfigurationPlatforms) = postSolution
		{5B234599-8AAE-4FC2-90B3-EA9189C4290F}.Debug|Any CPU.ActiveCfg = Debug|Any CPU
		{5B234599-8AAE-4FC2-90B3-EA9189C4290F}.Release|Any CPU.ActiveCfg = Release|Any CPU
	EndGlobalSection
	GlobalSection(SolutionProperties) = preSolution
		HideSolutionNode = FALSE
	EndGlobalSection
	GlobalSection(ExtensibilityGlobals) = postSolution
		SolutionGuid = {D8E07C4D-DB49-4C6F-8B11-95DFD61F592F}
	EndGlobalSection
EndGlobal
